
Microsoft Visual Studio Solution File, Format Version 12.00
# Visual Studio Version 17
VisualStudioVersion = 17.9.34616.47
MinimumVisualStudioVersion = 10.0.40219.1
Project("{FAE04EC0-301F-11D3-BF4B-00C04F79EFBC}") = "SpeedyAir", "SpeedyAir\SpeedyAir.csproj", "{C0090734-7827-4D75-A849-C4A5BBDA7C47}"
EndProject
Global
	GlobalSection(SolutionConfigurationPlatforms) = preSolution
		Debug|Any CPU = Debug|Any CPU
		Release|Any CPU = Release|Any CPU
	EndGlobalSection
	GlobalSection(ProjectConfigurationPlatforms) = postSolution
		{C0090734-7827-4D75-A849-C4A5BBDA7C47}.Debug|Any CPU.ActiveCfg = Debug|Any CPU
		{C0090734-7827-4D75-A849-C4A5BBDA7C47}.Debug|Any CPU.Build.0 = Debug|Any CPU
		{C0090734-7827-4D75-A849-C4A5BBDA7C47}.Release|Any CPU.ActiveCfg = Release|Any CPU
		{C0090734-7827-4D75-A849-C4A5BBDA7C47}.Release|Any CPU.Build.0 = Release|Any CPU
	EndGlobalSection
	GlobalSection(SolutionProperties) = preSolution
		HideSolutionNode = FALSE
	EndGlobalSection
	GlobalSection(ExtensibilityGlobals) = postSolution
		SolutionGuid = {DEC1191D-B2A8-4ED5-8357-F0419C4FE04C}
	EndGlobalSection
EndGlobal
